{
  "originHash" : "51555bf3a1b2d28a5b6290847b3b57243ea75cb20ee96fdebb8f750fd55ab938",
  "pins" : [
    {
      "identity" : "swift-asn1",
      "kind" : "remoteSourceControl",
      "location" : "https://github.com/apple/swift-asn1.git",
      "state" : {
        "revision" : "3b6410f7dee09eb33cdd26260c5fd47fda19b0e2",
        "version" : "1.7.3"
      }
    },
    {
      "identity" : "swift-crypto",
      "kind" : "remoteSourceControl",
      "location" : "https://github.com/apple/swift-crypto.git",
      "state" : {
        "revision" : "06dc63c6d8da54ee11ceb268cde1fa68161afc96",
        "version" : "3.9.1"
      }
    }
  ],
  "version" : 3
}
